
Microsoft Visual Studio Solution File, Format Version 12.00
# Visual Studio Version 17
VisualStudioVersion = 17.1.32210.238
MinimumVisualStudioVersion = 10.0.40219.1
Project("{9A19103F-16F7-4668-BE54-9A1E7A4F7556}") = "SortAlgorythmTest", "SortAlgorythmTest\SortAlgorythmTest.csproj", "{5F2D4C69-81C4-498B-9C2D-04634AF7AA91}"
EndProject
Project("{9A19103F-16F7-4668-BE54-9A1E7A4F7556}") = "Common", "Common\Common.csproj", "{A3CC2393-7B0F-4467-90B7-99BA59D9C656}"
EndProject
Project("{9A19103F-16F7-4668-BE54-9A1E7A4F7556}") = "MyStack", "MyStack\MyStack.csproj", "{1185C498-B11C-4899-987C-3618969A1665}"
EndProject
Project("{9A19103F-16F7-4668-BE54-9A1E7A4F7556}") = "MyStackTests", "StackTests\MyStackTests.csproj", "{AC9C2C22-7F36-4706-8561-4C0FC41BD69C}"
EndProject
Project("{9A19103F-16F7-4668-BE54-9A1E7A4F7556}") = "SingleLinkedList", "SingleLinkedList\SingleLinkedList.csproj", "{E119CBD5-EC5D-4C8B-B1F9-614555F591C3}"
EndProject
Project("{9A19103F-16F7-4668-BE54-9A1E7A4F7556}") = "SingleLinkedListTest", "SingleLinkedListTest\SingleLinkedListTest.csproj", "{B9A9239C-1882-4CE0-879A-CC1F3BFAB912}"
EndProject
Project("{9A19103F-16F7-4668-BE54-9A1E7A4F7556}") = "Queue", "Queue\Queue.csproj", "{7C53557D-E9E7-4D11-958F-30586562C8A7}"
EndProject
Project("{9A19103F-16F7-4668-BE54-9A1E7A4F7556}") = "QueueTest", "QueueTest\QueueTest.csproj", "{471439E0-F7EC-459D-B448-258D0C47D947}"
EndProject
Project("{9A19103F-16F7-4668-BE54-9A1E7A4F7556}") = "RecTest", "RecTest\RecTest.csproj", "{89D6FE53-A25E-4D45-A85D-4A8C5E35BA2D}"
EndProject
Project("{9A19103F-16F7-4668-BE54-9A1E7A4F7556}") = "QuickSortTest", "QuickSortTest\QuickSortTest.csproj", "{6F81BEE3-9385-430C-AAED-2EFBE99643E8}"
EndProject
Project("{9A19103F-16F7-4668-BE54-9A1E7A4F7556}") = "QuickSort", "QuickSort\QuickSort.csproj", "{D2B76D67-3418-4461-9E70-593D3ECFB0B0}"
EndProject
Project("{9A19103F-16F7-4668-BE54-9A1E7A4F7556}") = "FactoryPattern", "FactoryPattern\FactoryPattern.csproj", "{B8794379-A941-4ED2-AE18-4D89398867C2}"
EndProject
Project("{FAE04EC0-301F-11D3-BF4B-00C04F79EFBC}") = "BinaererBaum", "BinaererBaum\BinaererBaum.csproj", "{D648613D-0120-4DE3-ABA7-4EDFF3066DFF}"
EndProject
Project("{FAE04EC0-301F-11D3-BF4B-00C04F79EFBC}") = "BinaererBaumTest", "BinaererBaumTest\BinaererBaumTest.csproj", "{47665AAC-8FEC-4D21-B719-FB7BE372EA8E}"
EndProject
Global
	GlobalSection(SolutionConfigurationPlatforms) = preSolution
		Debug|Any CPU = Debug|Any CPU
		Release|Any CPU = Release|Any CPU
	EndGlobalSection
	GlobalSection(ProjectConfigurationPlatforms) = postSolution
		{5F2D4C69-81C4-498B-9C2D-04634AF7AA91}.Debug|Any CPU.ActiveCfg = Debug|Any CPU
		{5F2D4C69-81C4-498B-9C2D-04634AF7AA91}.Debug|Any CPU.Build.0 = Debug|Any CPU
		{5F2D4C69-81C4-498B-9C2D-04634AF7AA91}.Release|Any CPU.ActiveCfg = Release|Any CPU
		{5F2D4C69-81C4-498B-9C2D-04634AF7AA91}.Release|Any CPU.Build.0 = Release|Any CPU
		{A3CC2393-7B0F-4467-90B7-99BA59D9C656}.Debug|Any CPU.ActiveCfg = Debug|Any CPU
		{A3CC2393-7B0F-4467-90B7-99BA59D9C656}.Debug|Any CPU.Build.0 = Debug|Any CPU
		{A3CC2393-7B0F-4467-90B7-99BA59D9C656}.Release|Any CPU.ActiveCfg = Release|Any CPU
		{A3CC2393-7B0F-4467-90B7-99BA59D9C656}.Release|Any CPU.Build.0 = Release|Any CPU
		{1185C498-B11C-4899-987C-3618969A1665}.Debug|Any CPU.ActiveCfg = Debug|Any CPU
		{1185C498-B11C-4899-987C-3618969A1665}.Debug|Any CPU.Build.0 = Debug|Any CPU
		{1185C498-B11C-4899-987C-3618969A1665}.Release|Any CPU.ActiveCfg = Release|Any CPU
		{1185C498-B11C-4899-987C-3618969A1665}.Release|Any CPU.Build.0 = Release|Any CPU
		{AC9C2C22-7F36-4706-8561-4C0FC41BD69C}.Debug|Any CPU.ActiveCfg = Debug|Any CPU
		{AC9C2C22-7F36-4706-8561-4C0FC41BD69C}.Debug|Any CPU.Build.0 = Debug|Any CPU
		{AC9C2C22-7F36-4706-8561-4C0FC41BD69C}.Release|Any CPU.ActiveCfg = Release|Any CPU
		{AC9C2C22-7F36-4706-8561-4C0FC41BD69C}.Release|Any CPU.Build.0 = Release|Any CPU
		{E119CBD5-EC5D-4C8B-B1F9-614555F591C3}.Debug|Any CPU.ActiveCfg = Debug|Any CPU
		{E119CBD5-EC5D-4C8B-B1F9-614555F591C3}.Debug|Any CPU.Build.0 = Debug|Any CPU
		{E119CBD5-EC5D-4C8B-B1F9-614555F591C3}.Release|Any CPU.ActiveCfg = Release|Any CPU
		{E119CBD5-EC5D-4C8B-B1F9-614555F591C3}.Release|Any CPU.Build.0 = Release|Any CPU
		{B9A9239C-1882-4CE0-879A-CC1F3BFAB912}.Debug|Any CPU.ActiveCfg = Debug|Any CPU
		{B9A9239C-1882-4CE0-879A-CC1F3BFAB912}.Debug|Any CPU.Build.0 = Debug|Any CPU
		{B9A9239C-1882-4CE0-879A-CC1F3BFAB912}.Release|Any CPU.ActiveCfg = Release|Any CPU
		{B9A9239C-1882-4CE0-879A-CC1F3BFAB912}.Release|Any CPU.Build.0 = Release|Any CPU
		{7C53557D-E9E7-4D11-958F-30586562C8A7}.Debug|Any CPU.ActiveCfg = Debug|Any CPU
		{7C53557D-E9E7-4D11-958F-30586562C8A7}.Debug|Any CPU.Build.0 = Debug|Any CPU
		{7C53557D-E9E7-4D11-958F-30586562C8A7}.Release|Any CPU.ActiveCfg = Release|Any CPU
		{7C53557D-E9E7-4D11-958F-30586562C8A7}.Release|Any CPU.Build.0 = Release|Any CPU
		{471439E0-F7EC-459D-B448-258D0C47D947}.Debug|Any CPU.ActiveCfg = Debug|Any CPU
		{471439E0-F7EC-459D-B448-258D0C47D947}.Debug|Any CPU.Build.0 = Debug|Any CPU
		{471439E0-F7EC-459D-B448-258D0C47D947}.Release|Any CPU.ActiveCfg = Release|Any CPU
		{471439E0-F7EC-459D-B448-258D0C47D947}.Release|Any CPU.Build.0 = Release|Any CPU
		{89D6FE53-A25E-4D45-A85D-4A8C5E35BA2D}.Debug|Any CPU.ActiveCfg = Debug|Any CPU
		{89D6FE53-A25E-4D45-A85D-4A8C5E35BA2D}.Debug|Any CPU.Build.0 = Debug|Any CPU
		{89D6FE53-A25E-4D45-A85D-4A8C5E35BA2D}.Release|Any CPU.ActiveCfg = Release|Any CPU
		{89D6FE53-A25E-4D45-A85D-4A8C5E35BA2D}.Release|Any CPU.Build.0 = Release|Any CPU
		{6F81BEE3-9385-430C-AAED-2EFBE99643E8}.Debug|Any CPU.ActiveCfg = Debug|Any CPU
		{6F81BEE3-9385-430C-AAED-2EFBE99643E8}.Debug|Any CPU.Build.0 = Debug|Any CPU
		{6F81BEE3-9385-430C-AAED-2EFBE99643E8}.Release|Any CPU.ActiveCfg = Release|Any CPU
		{6F81BEE3-9385-430C-AAED-2EFBE99643E8}.Release|Any CPU.Build.0 = Release|Any CPU
		{D2B76D67-3418-4461-9E70-593D3ECFB0B0}.Debug|Any CPU.ActiveCfg = Debug|Any CPU
		{D2B76D67-3418-4461-9E70-593D3ECFB0B0}.Debug|Any CPU.Build.0 = Debug|Any CPU
		{D2B76D67-3418-4461-9E70-593D3ECFB0B0}.Release|Any CPU.ActiveCfg = Release|Any CPU
		{D2B76D67-3418-4461-9E70-593D3ECFB0B0}.Release|Any CPU.Build.0 = Release|Any CPU
		{B8794379-A941-4ED2-AE18-4D89398867C2}.Debug|Any CPU.ActiveCfg = Debug|Any CPU
		{B8794379-A941-4ED2-AE18-4D89398867C2}.Debug|Any CPU.Build.0 = Debug|Any CPU
		{B8794379-A941-4ED2-AE18-4D89398867C2}.Release|Any CPU.ActiveCfg = Release|Any CPU
		{B8794379-A941-4ED2-AE18-4D89398867C2}.Release|Any CPU.Build.0 = Release|Any CPU
		{D648613D-0120-4DE3-ABA7-4EDFF3066DFF}.Debug|Any CPU.ActiveCfg = Debug|Any CPU
		{D648613D-0120-4DE3-ABA7-4EDFF3066DFF}.Debug|Any CPU.Build.0 = Debug|Any CPU
		{D648613D-0120-4DE3-ABA7-4EDFF3066DFF}.Release|Any CPU.ActiveCfg = Release|Any CPU
		{D648613D-0120-4DE3-ABA7-4EDFF3066DFF}.Release|Any CPU.Build.0 = Release|Any CPU
		{47665AAC-8FEC-4D21-B719-FB7BE372EA8E}.Debug|Any CPU.ActiveCfg = Debug|Any CPU
		{47665AAC-8FEC-4D21-B719-FB7BE372EA8E}.Debug|Any CPU.Build.0 = Debug|Any CPU
		{47665AAC-8FEC-4D21-B719-FB7BE372EA8E}.Release|Any CPU.ActiveCfg = Release|Any CPU
		{47665AAC-8FEC-4D21-B719-FB7BE372EA8E}.Release|Any CPU.Build.0 = Release|Any CPU
	EndGlobalSection
	GlobalSection(SolutionProperties) = preSolution
		HideSolutionNode = FALSE
	EndGlobalSection
	GlobalSection(ExtensibilityGlobals) = postSolution
		SolutionGuid = {743A169B-BF98-4101-867D-1390D12B1649}
	EndGlobalSection
EndGlobal
